
Microsoft Visual Studio Solution File, Format Version 12.00
# Visual Studio Version 17
VisualStudioVersion = 17.4.33122.133
MinimumVisualStudioVersion = 10.0.40219.1
Project("{9A19103F-16F7-4668-BE54-9A1E7A4F7556}") = "SimpleSaga", "SimpleSaga\SimpleSaga.csproj", "{900587D4-6771-4FA6-AF92-F19C0ED56086}"
EndProject
Global
	GlobalSection(SolutionConfigurationPlatforms) = preSolution
		Debug|Any CPU = Debug|Any CPU
		Release|Any CPU = Release|Any CPU
	EndGlobalSection
	GlobalSection(ProjectConfigurationPlatforms) = postSolution
		{900587D4-6771-4FA6-AF92-F19C0ED56086}.Debug|Any CPU.ActiveCfg = Debug|Any CPU
		{900587D4-6771-4FA6-AF92-F19C0ED56086}.Debug|Any CPU.Build.0 = Debug|Any CPU
		{900587D4-6771-4FA6-AF92-F19C0ED56086}.Release|Any CPU.ActiveCfg = Release|Any CPU
		{900587D4-6771-4FA6-AF92-F19C0ED56086}.Release|Any CPU.Build.0 = Release|Any CPU
	EndGlobalSection
	GlobalSection(SolutionProperties) = preSolution
		HideSolutionNode = FALSE
	EndGlobalSection
	GlobalSection(ExtensibilityGlobals) = postSolution
		SolutionGuid = {0F413F57-847C-41F9-8B1B-54627C495AF5}
	EndGlobalSection
EndGlobal
